
Microsoft Visual Studio Solution File, Format Version 12.00
# Visual Studio 15
Project("{FAE04EC0-301F-11D3-BF4B-00C04F79EFBC}") = "API", "API\API.csproj", "{9527A390-0232-4AD9-A0CF-D47FAE1CCC0E}"
EndProject
Project("{FAE04EC0-301F-11D3-BF4B-00C04F79EFBC}") = "UnitTests", "UnitTests\UnitTests.csproj", "{C32F0065-6623-430D-9F14-A6E03D21B7E1}"
EndProject
Global
	GlobalSection(SolutionConfigurationPlatforms) = preSolution
		Debug|Any CPU = Debug|Any CPU
		Release|Any CPU = Release|Any CPU
	EndGlobalSection
	GlobalSection(ProjectConfigurationPlatforms) = postSolution
		{9527A390-0232-4AD9-A0CF-D47FAE1CCC0E}.Debug|Any CPU.ActiveCfg = Debug|Any CPU
		{9527A390-0232-4AD9-A0CF-D47FAE1CCC0E}.Debug|Any CPU.Build.0 = Debug|Any CPU
		{9527A390-0232-4AD9-A0CF-D47FAE1CCC0E}.Release|Any CPU.ActiveCfg = Release|Any CPU
		{9527A390-0232-4AD9-A0CF-D47FAE1CCC0E}.Release|Any CPU.Build.0 = Release|Any CPU
		{C32F0065-6623-430D-9F14-A6E03D21B7E1}.Debug|Any CPU.ActiveCfg = Debug|Any CPU
		{C32F0065-6623-430D-9F14-A6E03D21B7E1}.Debug|Any CPU.Build.0 = Debug|Any CPU
		{C32F0065-6623-430D-9F14-A6E03D21B7E1}.Release|Any CPU.ActiveCfg = Release|Any CPU
		{C32F0065-6623-430D-9F14-A6E03D21B7E1}.Release|Any CPU.Build.0 = Release|Any CPU
	EndGlobalSection
EndGlobal
